
Microsoft Visual Studio Solution File, Format Version 12.00
# Visual Studio Version 16
VisualStudioVersion = 16.0.30021.99
MinimumVisualStudioVersion = 10.0.40219.1
Project("{8BC9CEB8-8B4A-11D0-8D11-00A0C91BC942}") = "VT", "VT\VT.vcxproj", "{52FF9825-CA8D-4E05-9E7F-B24AA88DA7BE}"
EndProject
Project("{8BC9CEB8-8B4A-11D0-8D11-00A0C91BC942}") = "VTEPT", "VTEPT\VTEPT.vcxproj", "{0F2AA21C-9C17-4F5B-9179-C4FB9AC4C6D0}"
EndProject
Global
	GlobalSection(SolutionConfigurationPlatforms) = preSolution
		Debug|x64 = Debug|x64
		Debug|x86 = Debug|x86
		Release|x64 = Release|x64
		Release|x86 = Release|x86
	EndGlobalSection
	GlobalSection(ProjectConfigurationPlatforms) = postSolution
		{52FF9825-CA8D-4E05-9E7F-B24AA88DA7BE}.Debug|x64.ActiveCfg = Debug|x64
		{52FF9825-CA8D-4E05-9E7F-B24AA88DA7BE}.Debug|x64.Build.0 = Debug|x64
		{52FF9825-CA8D-4E05-9E7F-B24AA88DA7BE}.Debug|x86.ActiveCfg = Debug|Win32
		{52FF9825-CA8D-4E05-9E7F-B24AA88DA7BE}.Debug|x86.Build.0 = Debug|Win32
		{52FF9825-CA8D-4E05-9E7F-B24AA88DA7BE}.Release|x64.ActiveCfg = Release|x64
		{52FF9825-CA8D-4E05-9E7F-B24AA88DA7BE}.Release|x64.Build.0 = Release|x64
		{52FF9825-CA8D-4E05-9E7F-B24AA88DA7BE}.Release|x64.Deploy.0 = Release|x64
		{52FF9825-CA8D-4E05-9E7F-B24AA88DA7BE}.Release|x86.ActiveCfg = Release|Win32
		{52FF9825-CA8D-4E05-9E7F-B24AA88DA7BE}.Release|x86.Build.0 = Release|Win32
		{52FF9825-CA8D-4E05-9E7F-B24AA88DA7BE}.Release|x86.Deploy.0 = Release|Win32
		{0F2AA21C-9C17-4F5B-9179-C4FB9AC4C6D0}.Debug|x64.ActiveCfg = Debug|x64
		{0F2AA21C-9C17-4F5B-9179-C4FB9AC4C6D0}.Debug|x64.Build.0 = Debug|x64
		{0F2AA21C-9C17-4F5B-9179-C4FB9AC4C6D0}.Debug|x86.ActiveCfg = Debug|Win32
		{0F2AA21C-9C17-4F5B-9179-C4FB9AC4C6D0}.Debug|x86.Build.0 = Debug|Win32
		{0F2AA21C-9C17-4F5B-9179-C4FB9AC4C6D0}.Release|x64.ActiveCfg = Release|x64
		{0F2AA21C-9C17-4F5B-9179-C4FB9AC4C6D0}.Release|x64.Build.0 = Release|x64
		{0F2AA21C-9C17-4F5B-9179-C4FB9AC4C6D0}.Release|x64.Deploy.0 = Release|x64
		{0F2AA21C-9C17-4F5B-9179-C4FB9AC4C6D0}.Release|x86.ActiveCfg = Release|Win32
		{0F2AA21C-9C17-4F5B-9179-C4FB9AC4C6D0}.Release|x86.Build.0 = Release|Win32
		{0F2AA21C-9C17-4F5B-9179-C4FB9AC4C6D0}.Release|x86.Deploy.0 = Release|Win32
	EndGlobalSection
	GlobalSection(SolutionProperties) = preSolution
		HideSolutionNode = FALSE
	EndGlobalSection
	GlobalSection(ExtensibilityGlobals) = postSolution
		SolutionGuid = {0E127AD0-714D-4FE4-B883-0DDAE72155EA}
	EndGlobalSection
EndGlobal
